
Microsoft Visual Studio Solution File, Format Version 12.00
# Visual Studio Version 17
VisualStudioVersion = 17.4.33103.184
MinimumVisualStudioVersion = 10.0.40219.1
Project("{FAE04EC0-301F-11D3-BF4B-00C04F79EFBC}") = "c-algorithms", "c-algorithms\c-algorithms.csproj", "{FD20A65E-0C30-475A-8FB5-27BA5F7A77FF}"
EndProject
Global
	GlobalSection(SolutionConfigurationPlatforms) = preSolution
		Debug|Any CPU = Debug|Any CPU
		Release|Any CPU = Release|Any CPU
	EndGlobalSection
	GlobalSection(ProjectConfigurationPlatforms) = postSolution
		{FD20A65E-0C30-475A-8FB5-27BA5F7A77FF}.Debug|Any CPU.ActiveCfg = Debug|Any CPU
		{FD20A65E-0C30-475A-8FB5-27BA5F7A77FF}.Debug|Any CPU.Build.0 = Debug|Any CPU
		{FD20A65E-0C30-475A-8FB5-27BA5F7A77FF}.Release|Any CPU.ActiveCfg = Release|Any CPU
		{FD20A65E-0C30-475A-8FB5-27BA5F7A77FF}.Release|Any CPU.Build.0 = Release|Any CPU
	EndGlobalSection
	GlobalSection(SolutionProperties) = preSolution
		HideSolutionNode = FALSE
	EndGlobalSection
	GlobalSection(ExtensibilityGlobals) = postSolution
		SolutionGuid = {E5708E70-1B2C-41C2-817A-C6223CCB7AEE}
	EndGlobalSection
EndGlobal
