
Microsoft Visual Studio Solution File, Format Version 12.00
# Visual Studio Version 17
VisualStudioVersion = 17.4.33103.184
MinimumVisualStudioVersion = 10.0.40219.1
Project("{FAE04EC0-301F-11D3-BF4B-00C04F79EFBC}") = "004 - polimorfismo", "004 - polimorfismo\004 - polimorfismo.csproj", "{33A9DA3A-7244-45A0-8944-05210A94C576}"
EndProject
Global
	GlobalSection(SolutionConfigurationPlatforms) = preSolution
		Debug|Any CPU = Debug|Any CPU
		Release|Any CPU = Release|Any CPU
	EndGlobalSection
	GlobalSection(ProjectConfigurationPlatforms) = postSolution
		{33A9DA3A-7244-45A0-8944-05210A94C576}.Debug|Any CPU.ActiveCfg = Debug|Any CPU
		{33A9DA3A-7244-45A0-8944-05210A94C576}.Debug|Any CPU.Build.0 = Debug|Any CPU
		{33A9DA3A-7244-45A0-8944-05210A94C576}.Release|Any CPU.ActiveCfg = Release|Any CPU
		{33A9DA3A-7244-45A0-8944-05210A94C576}.Release|Any CPU.Build.0 = Release|Any CPU
	EndGlobalSection
	GlobalSection(SolutionProperties) = preSolution
		HideSolutionNode = FALSE
	EndGlobalSection
	GlobalSection(ExtensibilityGlobals) = postSolution
		SolutionGuid = {1388C379-9C0A-45F4-A839-C2EBED4CAD74}
	EndGlobalSection
EndGlobal
